{
    "_readme": [
        "This file locks the dependencies of your project to a known state",
        "Read more about it at https://getcomposer.org/doc/01-basic-usage.md#composer-lock-the-lock-file",
        "This file is @generated automatically"
    ],
    "hash": "0c6af5f4f65b4a50fe989d4ebfa716fe",
    "content-hash": "10530571cd3f49c5079df5548ec11369",
    "packages": [],
    "packages-dev": [
        {
            "name": "bamarni/composer-bin-plugin",
            "version": "v0.0.2",
            "source": {
                "type": "git",
                "url": "https://github.com/bamarni/composer-bin-plugin.git",
                "reference": "311175163050419d27286516398fcaea96996d85"
            },
            "dist": {
                "type": "zip",
                "url": "https://api.github.com/repos/bamarni/composer-bin-plugin/zipball/311175163050419d27286516398fcaea96996d85",
                "reference": "311175163050419d27286516398fcaea96996d85",
                "shasum": ""
            },
            "require": {
                "composer-plugin-api": "^1.0"
            },
            "require-dev": {
                "composer/composer": "dev-master",
                "symfony/console": "^2.5 || ^3.0"
            },
            "type": "composer-plugin",
            "extra": {
                "class": "Bamarni\\Composer\\Bin\\Plugin",
                "branch-alias": {
                    "dev-master": "0.0.x-dev"
                }
            },
            "autoload": {
                "psr-4": {
                    "Bamarni\\Composer\\Bin\\": "src"
                }
            },
            "notification-url": "https://packagist.org/downloads/",
            "license": [
                "MIT"
            ],
            "time": "2016-09-04 07:00:36"
        }
    ],
    "aliases": [],
    "minimum-stability": "stable",
    "stability-flags": [],
    "prefer-stable": false,
    "prefer-lowest": false,
    "platform": [],
    "platform-dev": []
}
