{
    "_readme": [
        "This file locks the dependencies of your project to a known state",
        "Read more about it at https://getcomposer.org/doc/01-basic-usage.md#installing-dependencies",
        "This file is @generated automatically"
    ],
    "content-hash": "a2697ba1372bdcb8a714bf07352ac794",
    "packages": [
        {
            "name": "theofidry/composer-inheritance-plugin",
            "version": "dev-master",
            "source": {
                "type": "git",
                "url": "https://github.com/theofidry/composer-inheritance-plugin.git",
                "reference": "4bd31c5fde8999ac9a6b4048e5b249de38b5c134"
            },
            "dist": {
                "type": "zip",
                "url": "https://api.github.com/repos/theofidry/composer-inheritance-plugin/zipball/4bd31c5fde8999ac9a6b4048e5b249de38b5c134",
                "reference": "4bd31c5fde8999ac9a6b4048e5b249de38b5c134",
                "shasum": ""
            },
            "require": {
                "composer-plugin-api": "^1.0 || ^2.0",
                "php": "^7.2 || ^8.0",
                "wikimedia/composer-merge-plugin": "^2.0"
            },
            "conflict": {
                "composer/composer": ">=2.0,<2.0.13"
            },
            "require-dev": {
                "composer/composer": "^1.0 || ^2.0"
            },
            "default-branch": true,
            "type": "composer-plugin",
            "extra": {
                "class": "Fidry\\Composer\\InheritancePlugin\\InheritancePlugin"
            },
            "autoload": {
                "psr-4": {
                    "Fidry\\Composer\\InheritancePlugin\\": "src"
                }
            },
            "notification-url": "https://packagist.org/downloads/",
            "license": [
                "MIT"
            ],
            "authors": [
                {
                    "name": "Théo FIDRY",
                    "email": "theo.fidry@gmail.com"
                }
            ],
            "description": "Composer plugin to merge multiple sub composer.json files",
            "support": {
                "issues": "https://github.com/theofidry/composer-inheritance-plugin/issues",
                "source": "https://github.com/theofidry/composer-inheritance-plugin/tree/master"
            },
            "funding": [
                {
                    "url": "https://github.com/theofidry",
                    "type": "github"
                }
            ],
            "time": "2021-10-11T06:32:45+00:00"
        },
        {
            "name": "wikimedia/composer-merge-plugin",
            "version": "v2.0.1",
            "source": {
                "type": "git",
                "url": "https://github.com/wikimedia/composer-merge-plugin.git",
                "reference": "8ca2ed8ab97c8ebce6b39d9943e9909bb4f18912"
            },
            "dist": {
                "type": "zip",
                "url": "https://api.github.com/repos/wikimedia/composer-merge-plugin/zipball/8ca2ed8ab97c8ebce6b39d9943e9909bb4f18912",
                "reference": "8ca2ed8ab97c8ebce6b39d9943e9909bb4f18912",
                "shasum": ""
            },
            "require": {
                "composer-plugin-api": "^1.1||^2.0",
                "php": ">=7.2.0"
            },
            "require-dev": {
                "composer/composer": "^1.1||^2.0",
                "php-parallel-lint/php-parallel-lint": "~1.1.0",
                "phpunit/phpunit": "^8.5||^9.0",
                "squizlabs/php_codesniffer": "~3.5.4"
            },
            "type": "composer-plugin",
            "extra": {
                "branch-alias": {
                    "dev-master": "2.x-dev"
                },
                "class": "Wikimedia\\Composer\\Merge\\V2\\MergePlugin"
            },
            "autoload": {
                "psr-4": {
                    "Wikimedia\\Composer\\Merge\\V2\\": "src/"
                }
            },
            "notification-url": "https://packagist.org/downloads/",
            "license": [
                "MIT"
            ],
            "authors": [
                {
                    "name": "Bryan Davis",
                    "email": "bd808@wikimedia.org"
                }
            ],
            "description": "Composer plugin to merge multiple composer.json files",
            "support": {
                "issues": "https://github.com/wikimedia/composer-merge-plugin/issues",
                "source": "https://github.com/wikimedia/composer-merge-plugin/tree/v2.0.1"
            },
            "time": "2021-02-24T05:28:06+00:00"
        }
    ],
    "packages-dev": [],
    "aliases": [],
    "minimum-stability": "stable",
    "stability-flags": {
        "theofidry/composer-inheritance-plugin": 20
    },
    "prefer-stable": false,
    "prefer-lowest": false,
    "platform": [],
    "platform-dev": [],
    "plugin-api-version": "2.1.0"
}
